{
  "name": "doctorfy-frontend",
  "version": "0.1.0",
  "lockfileVersion": 2,
  "requires": true,
  "packages": {
    "": {
      "name": "doctorfy-frontend",
      "version": "0.1.0",
      "dependencies": {
        "@emotion/react": "^11.11.0",
        "@emotion/styled": "^11.11.0",
        "@mui/icons-material": "^5.11.16",
        "@mui/material": "^5.13.0",
        "@mui/system": "^5.13.0",
        "@mui/x-date-pickers": "^6.5.0"
      },
      "resolutions": {
        "@mui/system": "^5.13.0"
      }
    }
  }
}
